
Microsoft Visual Studio Solution File, Format Version 12.00
# Visual Studio Version 16
VisualStudioVersion = 16.0.30503.244
MinimumVisualStudioVersion = 10.0.40219.1
Project("{FAE04EC0-301F-11D3-BF4B-00C04F79EFBC}") = "lab01", "lab01.csproj", "{BE24FDAE-3EF9-419F-AB53-DEF812880784}"
EndProject
Project("{FAE04EC0-301F-11D3-BF4B-00C04F79EFBC}") = "lab02", "..\lab02\lab02.csproj", "{E0C33A31-AEB9-44A6-9E3F-4F98FABDCBD2}"
EndProject
Global
	GlobalSection(SolutionConfigurationPlatforms) = preSolution
		Debug|Any CPU = Debug|Any CPU
		Release|Any CPU = Release|Any CPU
	EndGlobalSection
	GlobalSection(ProjectConfigurationPlatforms) = postSolution
		{BE24FDAE-3EF9-419F-AB53-DEF812880784}.Debug|Any CPU.ActiveCfg = Debug|Any CPU
		{BE24FDAE-3EF9-419F-AB53-DEF812880784}.Debug|Any CPU.Build.0 = Debug|Any CPU
		{BE24FDAE-3EF9-419F-AB53-DEF812880784}.Release|Any CPU.ActiveCfg = Release|Any CPU
		{BE24FDAE-3EF9-419F-AB53-DEF812880784}.Release|Any CPU.Build.0 = Release|Any CPU
		{E0C33A31-AEB9-44A6-9E3F-4F98FABDCBD2}.Debug|Any CPU.ActiveCfg = Debug|Any CPU
		{E0C33A31-AEB9-44A6-9E3F-4F98FABDCBD2}.Debug|Any CPU.Build.0 = Debug|Any CPU
		{E0C33A31-AEB9-44A6-9E3F-4F98FABDCBD2}.Release|Any CPU.ActiveCfg = Release|Any CPU
		{E0C33A31-AEB9-44A6-9E3F-4F98FABDCBD2}.Release|Any CPU.Build.0 = Release|Any CPU
	EndGlobalSection
	GlobalSection(SolutionProperties) = preSolution
		HideSolutionNode = FALSE
	EndGlobalSection
	GlobalSection(ExtensibilityGlobals) = postSolution
		SolutionGuid = {C199608D-9C19-44B2-8810-E9AEB3CF3E11}
	EndGlobalSection
EndGlobal
